
Microsoft Visual Studio Solution File, Format Version 12.00
# Visual Studio Version 17
VisualStudioVersion = 17.4.33205.214
MinimumVisualStudioVersion = 10.0.40219.1
Project("{FAE04EC0-301F-11D3-BF4B-00C04F79EFBC}") = "ClubBrugge.Erp.Api", "ClubBrugge.Erp.Api\ClubBrugge.Erp.Api.csproj", "{8ED7E53C-0AF9-41C0-8F5A-CD570C6CA444}"
EndProject
Project("{FAE04EC0-301F-11D3-BF4B-00C04F79EFBC}") = "ClubBrugge.Erp.Application", "ClubBrugge.Erp.Application\ClubBrugge.Erp.Application.csproj", "{AFD443DE-FB92-4F47-B346-0107140DC24A}"
EndProject
Project("{FAE04EC0-301F-11D3-BF4B-00C04F79EFBC}") = "ClubBrugge.Erp.Domain", "ClubBrugge.Erp.Domain\ClubBrugge.Erp.Domain.csproj", "{5F6C3174-592F-4F24-9B1A-E352A7E760AA}"
EndProject
Global
	GlobalSection(SolutionConfigurationPlatforms) = preSolution
		Debug|Any CPU = Debug|Any CPU
		Release|Any CPU = Release|Any CPU
	EndGlobalSection
	GlobalSection(ProjectConfigurationPlatforms) = postSolution
		{8ED7E53C-0AF9-41C0-8F5A-CD570C6CA444}.Debug|Any CPU.ActiveCfg = Debug|Any CPU
		{8ED7E53C-0AF9-41C0-8F5A-CD570C6CA444}.Debug|Any CPU.Build.0 = Debug|Any CPU
		{8ED7E53C-0AF9-41C0-8F5A-CD570C6CA444}.Release|Any CPU.ActiveCfg = Release|Any CPU
		{8ED7E53C-0AF9-41C0-8F5A-CD570C6CA444}.Release|Any CPU.Build.0 = Release|Any CPU
		{AFD443DE-FB92-4F47-B346-0107140DC24A}.Debug|Any CPU.ActiveCfg = Debug|Any CPU
		{AFD443DE-FB92-4F47-B346-0107140DC24A}.Debug|Any CPU.Build.0 = Debug|Any CPU
		{AFD443DE-FB92-4F47-B346-0107140DC24A}.Release|Any CPU.ActiveCfg = Release|Any CPU
		{AFD443DE-FB92-4F47-B346-0107140DC24A}.Release|Any CPU.Build.0 = Release|Any CPU
		{5F6C3174-592F-4F24-9B1A-E352A7E760AA}.Debug|Any CPU.ActiveCfg = Debug|Any CPU
		{5F6C3174-592F-4F24-9B1A-E352A7E760AA}.Debug|Any CPU.Build.0 = Debug|Any CPU
		{5F6C3174-592F-4F24-9B1A-E352A7E760AA}.Release|Any CPU.ActiveCfg = Release|Any CPU
		{5F6C3174-592F-4F24-9B1A-E352A7E760AA}.Release|Any CPU.Build.0 = Release|Any CPU
	EndGlobalSection
	GlobalSection(SolutionProperties) = preSolution
		HideSolutionNode = FALSE
	EndGlobalSection
	GlobalSection(ExtensibilityGlobals) = postSolution
		SolutionGuid = {2EA8EB0B-7705-434E-8A95-0C3119EA7F28}
	EndGlobalSection
EndGlobal
